{
  "pins" : [
    {
      "identity" : "cobblelekit",
      "kind" : "remoteSourceControl",
      "location" : "https://github.com/crc-32/CobbleLEKit",
      "state" : {
        "branch" : "main",
        "revision" : "8c6355e1d064c99bab7d4d2b0c33e6e8896b909a"
      }
    },
    {
      "identity" : "cocoalumberjack",
      "kind" : "remoteSourceControl",
      "location" : "https://github.com/CocoaLumberjack/CocoaLumberjack.git",
      "state" : {
        "revision" : "80ada1f753b0d53d9b57c465936a7c4169375002",
        "version" : "3.7.4"
      }
    },
    {
      "identity" : "libpebblecommon",
      "kind" : "remoteSourceControl",
      "location" : "https://github.com/pebble-dev/libpebblecommon",
      "state" : {
        "branch" : "swiftpm-0.1.4",
        "revision" : "cccb394fe04b2908393a7b2b74908615cf989bf9"
      }
    },
    {
      "identity" : "promisekit",
      "kind" : "remoteSourceControl",
      "location" : "https://github.com/mxcl/PromiseKit",
      "state" : {
        "revision" : "3fd8c77ded8a4bbee548e3bd6c987ffe8c1e3574",
        "version" : "6.17.0"
      }
    },
    {
      "identity" : "swift-log",
      "kind" : "remoteSourceControl",
      "location" : "https://github.com/apple/swift-log.git",
      "state" : {
        "revision" : "5d66f7ba25daf4f94100e7022febf3c75e37a6c7",
        "version" : "1.4.2"
      }
    },
    {
      "identity" : "swiftzip",
      "kind" : "remoteSourceControl",
      "location" : "https://github.com/SwiftZip/SwiftZip.git",
      "state" : {
        "branch" : "master",
        "revision" : "97c2303d0fcc0bb6ae78a93ee10bdb91a1467c8f"
      }
    }
  ],
  "version" : 2
}
