{
  "object": {
    "pins": [
      {
        "package": "CobbleLEKit",
        "repositoryURL": "https://github.com/crc-32/CobbleLEKit",
        "state": {
          "branch": "main",
          "revision": "96e5076d01e70648a0f6083b48d685286a1eaa7d",
          "version": null
        }
      },
      {
        "package": "CocoaLumberjack",
        "repositoryURL": "https://github.com/CocoaLumberjack/CocoaLumberjack.git",
        "state": {
          "branch": null,
          "revision": "80ada1f753b0d53d9b57c465936a7c4169375002",
          "version": "3.7.4"
        }
      },
      {
        "package": "PromiseKit",
        "repositoryURL": "https://github.com/mxcl/PromiseKit",
        "state": {
          "branch": null,
          "revision": "7b07b214dacecb22ca4b680531c7e981d52483f9",
          "version": "6.16.3"
        }
      },
      {
        "package": "swift-log",
        "repositoryURL": "https://github.com/apple/swift-log.git",
        "state": {
          "branch": null,
          "revision": "5d66f7ba25daf4f94100e7022febf3c75e37a6c7",
          "version": "1.4.2"
        }
      },
      {
        "package": "SwiftZip",
        "repositoryURL": "https://github.com/SwiftZip/SwiftZip.git",
        "state": {
          "branch": "master",
          "revision": "97c2303d0fcc0bb6ae78a93ee10bdb91a1467c8f",
          "version": null
        }
      }
    ]
  },
  "version": 1
}
