{
  "pins" : [
    {
      "identity" : "cobblelekit",
      "kind" : "remoteSourceControl",
      "location" : "https://github.com/crc-32/CobbleLEKit",
      "state" : {
        "branch" : "main",
        "revision" : "96e5076d01e70648a0f6083b48d685286a1eaa7d"
      }
    },
    {
      "identity" : "cocoalumberjack",
      "kind" : "remoteSourceControl",
      "location" : "https://github.com/CocoaLumberjack/CocoaLumberjack.git",
      "state" : {
        "revision" : "80ada1f753b0d53d9b57c465936a7c4169375002",
        "version" : "3.7.4"
      }
    },
    {
      "identity" : "libpebblecommon",
      "kind" : "remoteSourceControl",
      "location" : "https://github.com/pebble-dev/libpebblecommon",
      "state" : {
        "branch" : "swiftpm-0.1.6",
        "revision" : "180583139b0f873018a9f438f2f83da76c55595f"
      }
    },
    {
      "identity" : "promisekit",
      "kind" : "remoteSourceControl",
      "location" : "https://github.com/mxcl/PromiseKit",
      "state" : {
        "revision" : "7b07b214dacecb22ca4b680531c7e981d52483f9",
        "version" : "6.16.3"
      }
    },
    {
      "identity" : "swift-log",
      "kind" : "remoteSourceControl",
      "location" : "https://github.com/apple/swift-log.git",
      "state" : {
        "revision" : "5d66f7ba25daf4f94100e7022febf3c75e37a6c7",
        "version" : "1.4.2"
      }
    },
    {
      "identity" : "swiftzip",
      "kind" : "remoteSourceControl",
      "location" : "https://github.com/SwiftZip/SwiftZip.git",
      "state" : {
        "branch" : "master",
        "revision" : "97c2303d0fcc0bb6ae78a93ee10bdb91a1467c8f"
      }
    }
  ],
  "version" : 2
}
